
Microsoft Visual Studio Solution File, Format Version 12.00
# Visual Studio Version 17
VisualStudioVersion = 17.6.33801.468
MinimumVisualStudioVersion = 10.0.40219.1
Project("{FAE04EC0-301F-11D3-BF4B-00C04F79EFBC}") = "group-project-recipe-management", "group-project-recipe-management.csproj", "{5F4FDC13-3FCC-4D43-AC83-B0F249192336}"
EndProject
Global
	GlobalSection(SolutionConfigurationPlatforms) = preSolution
		Debug|Any CPU = Debug|Any CPU
		Release|Any CPU = Release|Any CPU
	EndGlobalSection
	GlobalSection(ProjectConfigurationPlatforms) = postSolution
		{5F4FDC13-3FCC-4D43-AC83-B0F249192336}.Debug|Any CPU.ActiveCfg = Debug|Any CPU
		{5F4FDC13-3FCC-4D43-AC83-B0F249192336}.Debug|Any CPU.Build.0 = Debug|Any CPU
		{5F4FDC13-3FCC-4D43-AC83-B0F249192336}.Release|Any CPU.ActiveCfg = Release|Any CPU
		{5F4FDC13-3FCC-4D43-AC83-B0F249192336}.Release|Any CPU.Build.0 = Release|Any CPU
	EndGlobalSection
	GlobalSection(SolutionProperties) = preSolution
		HideSolutionNode = FALSE
	EndGlobalSection
	GlobalSection(ExtensibilityGlobals) = postSolution
		SolutionGuid = {12CC68CA-AD29-4AF4-8A1D-E6E103723B11}
	EndGlobalSection
EndGlobal
